
Microsoft Visual Studio Solution File, Format Version 12.00
# Visual Studio Version 16
VisualStudioVersion = 16.0.31005.135
MinimumVisualStudioVersion = 10.0.40219.1
Project("{2150E333-8FDC-42A3-9474-1A3956D46DE8}") = "Feature", "Feature", "{94709952-E84F-43A5-A8AC-C2B7A76CF1B9}"
EndProject
Project("{2150E333-8FDC-42A3-9474-1A3956D46DE8}") = "Foundation", "Foundation", "{AD8F8E6D-5325-4D72-B7F8-F6039E048C3C}"
EndProject
Project("{2150E333-8FDC-42A3-9474-1A3956D46DE8}") = "Project", "Project", "{566DE12B-4FB8-47AA-AE1A-B7732BDC649E}"
EndProject
Project("{FAE04EC0-301F-11D3-BF4B-00C04F79EFBC}") = "RealtimeNotifier.Foundation.SignalR", "src\Foundation\SignalR\website\RealtimeNotifier.Foundation.SignalR.csproj", "{8D7BCC13-F02C-4A88-BA90-7E1603897FA8}"
EndProject
Project("{2150E333-8FDC-42A3-9474-1A3956D46DE8}") = "Build", "Build", "{8B15D391-3098-4100-817C-53E30E8FCE77}"
	ProjectSection(SolutionItems) = preProject
		nuget.config = nuget.config
	EndProjectSection
EndProject
Project("{2150E333-8FDC-42A3-9474-1A3956D46DE8}") = "WorkflowActivities", "WorkflowActivities", "{CA7668FA-746C-4F9B-86BA-C9D1D7F51E6A}"
EndProject
Project("{FAE04EC0-301F-11D3-BF4B-00C04F79EFBC}") = "RealtimeNotifier.Feature.WorkBoxActivities", "src\Feature\WorkBoxActivities\website\RealtimeNotifier.Feature.WorkBoxActivities.csproj", "{4D3BEA7F-E266-4AE0-BA90-4DC62B465EA1}"
EndProject
Project("{2150E333-8FDC-42A3-9474-1A3956D46DE8}") = "SignalR", "SignalR", "{02F300A7-B398-4324-9675-3137A4028351}"
EndProject
Project("{2150E333-8FDC-42A3-9474-1A3956D46DE8}") = "UserActivities", "UserActivities", "{3DD6422D-4D1A-4A40-BB3E-46772818A46E}"
EndProject
Project("{FAE04EC0-301F-11D3-BF4B-00C04F79EFBC}") = "RealtimeNotifier.Feature.UserActivities", "src\Feature\UserActivities\website\RealtimeNotifier.Feature.UserActivities.csproj", "{C7856B56-4588-4902-8A14-42D80E340002}"
EndProject
Project("{FAE04EC0-301F-11D3-BF4B-00C04F79EFBC}") = "RealtimeNotifier.Feature.ItemActivities", "src\Feature\ItemActivities\RealtimeNotifier.Feature.ItemActivities.csproj", "{21CDCD86-C594-4A1F-9CFA-1F89FD0F890B}"
EndProject
Project("{2150E333-8FDC-42A3-9474-1A3956D46DE8}") = "ItemActivities", "ItemActivities", "{73CE39B9-6189-4BB9-B428-0E6EF7422B2C}"
EndProject
Global
	GlobalSection(SolutionConfigurationPlatforms) = preSolution
		Debug|Any CPU = Debug|Any CPU
		Release|Any CPU = Release|Any CPU
	EndGlobalSection
	GlobalSection(ProjectConfigurationPlatforms) = postSolution
		{8D7BCC13-F02C-4A88-BA90-7E1603897FA8}.Debug|Any CPU.ActiveCfg = Debug|Any CPU
		{8D7BCC13-F02C-4A88-BA90-7E1603897FA8}.Debug|Any CPU.Build.0 = Debug|Any CPU
		{8D7BCC13-F02C-4A88-BA90-7E1603897FA8}.Release|Any CPU.ActiveCfg = Release|Any CPU
		{8D7BCC13-F02C-4A88-BA90-7E1603897FA8}.Release|Any CPU.Build.0 = Release|Any CPU
		{4D3BEA7F-E266-4AE0-BA90-4DC62B465EA1}.Debug|Any CPU.ActiveCfg = Debug|Any CPU
		{4D3BEA7F-E266-4AE0-BA90-4DC62B465EA1}.Debug|Any CPU.Build.0 = Debug|Any CPU
		{4D3BEA7F-E266-4AE0-BA90-4DC62B465EA1}.Release|Any CPU.ActiveCfg = Release|Any CPU
		{4D3BEA7F-E266-4AE0-BA90-4DC62B465EA1}.Release|Any CPU.Build.0 = Release|Any CPU
		{C7856B56-4588-4902-8A14-42D80E340002}.Debug|Any CPU.ActiveCfg = Debug|Any CPU
		{C7856B56-4588-4902-8A14-42D80E340002}.Debug|Any CPU.Build.0 = Debug|Any CPU
		{C7856B56-4588-4902-8A14-42D80E340002}.Release|Any CPU.ActiveCfg = Release|Any CPU
		{C7856B56-4588-4902-8A14-42D80E340002}.Release|Any CPU.Build.0 = Release|Any CPU
		{21CDCD86-C594-4A1F-9CFA-1F89FD0F890B}.Debug|Any CPU.ActiveCfg = Debug|Any CPU
		{21CDCD86-C594-4A1F-9CFA-1F89FD0F890B}.Debug|Any CPU.Build.0 = Debug|Any CPU
		{21CDCD86-C594-4A1F-9CFA-1F89FD0F890B}.Release|Any CPU.ActiveCfg = Release|Any CPU
		{21CDCD86-C594-4A1F-9CFA-1F89FD0F890B}.Release|Any CPU.Build.0 = Release|Any CPU
	EndGlobalSection
	GlobalSection(SolutionProperties) = preSolution
		HideSolutionNode = FALSE
	EndGlobalSection
	GlobalSection(NestedProjects) = preSolution
		{8D7BCC13-F02C-4A88-BA90-7E1603897FA8} = {02F300A7-B398-4324-9675-3137A4028351}
		{CA7668FA-746C-4F9B-86BA-C9D1D7F51E6A} = {94709952-E84F-43A5-A8AC-C2B7A76CF1B9}
		{4D3BEA7F-E266-4AE0-BA90-4DC62B465EA1} = {CA7668FA-746C-4F9B-86BA-C9D1D7F51E6A}
		{02F300A7-B398-4324-9675-3137A4028351} = {AD8F8E6D-5325-4D72-B7F8-F6039E048C3C}
		{3DD6422D-4D1A-4A40-BB3E-46772818A46E} = {94709952-E84F-43A5-A8AC-C2B7A76CF1B9}
		{C7856B56-4588-4902-8A14-42D80E340002} = {3DD6422D-4D1A-4A40-BB3E-46772818A46E}
		{21CDCD86-C594-4A1F-9CFA-1F89FD0F890B} = {73CE39B9-6189-4BB9-B428-0E6EF7422B2C}
		{73CE39B9-6189-4BB9-B428-0E6EF7422B2C} = {94709952-E84F-43A5-A8AC-C2B7A76CF1B9}
	EndGlobalSection
	GlobalSection(ExtensibilityGlobals) = postSolution
		SolutionGuid = {AA788F3E-5956-4E83-AA74-5E6917057894}
	EndGlobalSection
EndGlobal
